
Microsoft Visual Studio Solution File, Format Version 12.00
# Visual Studio Version 17
VisualStudioVersion = 17.4.33110.190
MinimumVisualStudioVersion = 10.0.40219.1
Project("{FAE04EC0-301F-11D3-BF4B-00C04F79EFBC}") = "WebApplication1", "WebApplication1\WebApplication1.csproj", "{0F6AABC8-705F-4A68-BAC4-458CDAD788FB}"
EndProject
Global
	GlobalSection(SolutionConfigurationPlatforms) = preSolution
		Debug|Any CPU = Debug|Any CPU
		Release|Any CPU = Release|Any CPU
	EndGlobalSection
	GlobalSection(ProjectConfigurationPlatforms) = postSolution
		{0F6AABC8-705F-4A68-BAC4-458CDAD788FB}.Debug|Any CPU.ActiveCfg = Debug|Any CPU
		{0F6AABC8-705F-4A68-BAC4-458CDAD788FB}.Debug|Any CPU.Build.0 = Debug|Any CPU
		{0F6AABC8-705F-4A68-BAC4-458CDAD788FB}.Release|Any CPU.ActiveCfg = Release|Any CPU
		{0F6AABC8-705F-4A68-BAC4-458CDAD788FB}.Release|Any CPU.Build.0 = Release|Any CPU
	EndGlobalSection
	GlobalSection(SolutionProperties) = preSolution
		HideSolutionNode = FALSE
	EndGlobalSection
	GlobalSection(ExtensibilityGlobals) = postSolution
		SolutionGuid = {DFC5C50F-9B2F-4EC8-86D4-DBD0AA48ECC7}
	EndGlobalSection
EndGlobal
